
Microsoft Visual Studio Solution File, Format Version 12.00
# Visual Studio 15
VisualStudioVersion = 15.0.27130.0
MinimumVisualStudioVersion = 10.0.40219.1
Project("{FAE04EC0-301F-11D3-BF4B-00C04F79EFBC}") = "MessengerService", "MessengerService\MessengerService.csproj", "{40D08855-50FB-4972-AD77-2353F00E5445}"
EndProject
Project("{FAE04EC0-301F-11D3-BF4B-00C04F79EFBC}") = "ClientLib", "ClientLib\ClientLib.csproj", "{E1507FBA-E51D-4F2A-A664-6D9613F66FEE}"
EndProject
Project("{FAE04EC0-301F-11D3-BF4B-00C04F79EFBC}") = "ServiceLib", "ServiceLib\ServiceLib.csproj", "{B6C30CAC-60D4-43E2-AE43-61F30580228B}"
EndProject
Project("{FAE04EC0-301F-11D3-BF4B-00C04F79EFBC}") = "Mobile.Android", "Mobile\Mobile.Android\Mobile.Android.csproj", "{4B343385-9D7F-459C-90CA-E5B51B41F523}"
EndProject
Project("{D954291E-2A0B-460D-934E-DC6B0785DB48}") = "Mobile", "Mobile\Mobile\Mobile.shproj", "{BE55569A-E154-4243-B0B1-1E7F8FEDA579}"
EndProject
Project("{FAE04EC0-301F-11D3-BF4B-00C04F79EFBC}") = "Windows Desktop", "Windows Desktop\Windows Desktop.csproj", "{D6473C54-CDF2-4C04-AA64-5CF90B6DE2BB}"
EndProject
Global
	GlobalSection(SharedMSBuildProjectFiles) = preSolution
		Mobile\Mobile\Mobile.projitems*{4b343385-9d7f-459c-90ca-e5b51b41f523}*SharedItemsImports = 4
		Mobile\Mobile\Mobile.projitems*{be55569a-e154-4243-b0b1-1e7f8feda579}*SharedItemsImports = 13
	EndGlobalSection
	GlobalSection(SolutionConfigurationPlatforms) = preSolution
		Debug|Any CPU = Debug|Any CPU
		Release|Any CPU = Release|Any CPU
	EndGlobalSection
	GlobalSection(ProjectConfigurationPlatforms) = postSolution
		{40D08855-50FB-4972-AD77-2353F00E5445}.Debug|Any CPU.ActiveCfg = Debug|Any CPU
		{40D08855-50FB-4972-AD77-2353F00E5445}.Debug|Any CPU.Build.0 = Debug|Any CPU
		{40D08855-50FB-4972-AD77-2353F00E5445}.Release|Any CPU.ActiveCfg = Release|Any CPU
		{40D08855-50FB-4972-AD77-2353F00E5445}.Release|Any CPU.Build.0 = Release|Any CPU
		{E1507FBA-E51D-4F2A-A664-6D9613F66FEE}.Debug|Any CPU.ActiveCfg = Debug|Any CPU
		{E1507FBA-E51D-4F2A-A664-6D9613F66FEE}.Debug|Any CPU.Build.0 = Debug|Any CPU
		{E1507FBA-E51D-4F2A-A664-6D9613F66FEE}.Release|Any CPU.ActiveCfg = Release|Any CPU
		{E1507FBA-E51D-4F2A-A664-6D9613F66FEE}.Release|Any CPU.Build.0 = Release|Any CPU
		{B6C30CAC-60D4-43E2-AE43-61F30580228B}.Debug|Any CPU.ActiveCfg = Debug|Any CPU
		{B6C30CAC-60D4-43E2-AE43-61F30580228B}.Debug|Any CPU.Build.0 = Debug|Any CPU
		{B6C30CAC-60D4-43E2-AE43-61F30580228B}.Release|Any CPU.ActiveCfg = Release|Any CPU
		{B6C30CAC-60D4-43E2-AE43-61F30580228B}.Release|Any CPU.Build.0 = Release|Any CPU
		{4B343385-9D7F-459C-90CA-E5B51B41F523}.Debug|Any CPU.ActiveCfg = Debug|Any CPU
		{4B343385-9D7F-459C-90CA-E5B51B41F523}.Debug|Any CPU.Build.0 = Debug|Any CPU
		{4B343385-9D7F-459C-90CA-E5B51B41F523}.Debug|Any CPU.Deploy.0 = Debug|Any CPU
		{4B343385-9D7F-459C-90CA-E5B51B41F523}.Release|Any CPU.ActiveCfg = Release|Any CPU
		{4B343385-9D7F-459C-90CA-E5B51B41F523}.Release|Any CPU.Build.0 = Release|Any CPU
		{4B343385-9D7F-459C-90CA-E5B51B41F523}.Release|Any CPU.Deploy.0 = Release|Any CPU
		{D6473C54-CDF2-4C04-AA64-5CF90B6DE2BB}.Debug|Any CPU.ActiveCfg = Debug|Any CPU
		{D6473C54-CDF2-4C04-AA64-5CF90B6DE2BB}.Debug|Any CPU.Build.0 = Debug|Any CPU
		{D6473C54-CDF2-4C04-AA64-5CF90B6DE2BB}.Release|Any CPU.ActiveCfg = Release|Any CPU
		{D6473C54-CDF2-4C04-AA64-5CF90B6DE2BB}.Release|Any CPU.Build.0 = Release|Any CPU
	EndGlobalSection
	GlobalSection(SolutionProperties) = preSolution
		HideSolutionNode = FALSE
	EndGlobalSection
	GlobalSection(ExtensibilityGlobals) = postSolution
		SolutionGuid = {FF0DFC4F-2D05-4A3B-9CEC-D7F125EF9AA8}
	EndGlobalSection
EndGlobal
