
Microsoft Visual Studio Solution File, Format Version 12.00
# Visual Studio 15
VisualStudioVersion = 15.0.26730.12
MinimumVisualStudioVersion = 10.0.40219.1
Project("{FAE04EC0-301F-11D3-BF4B-00C04F79EFBC}") = "UI", "UI\UI.csproj", "{B46A34F8-6E67-4C87-B8A7-1A72CDF3C5A8}"
EndProject
Project("{FAE04EC0-301F-11D3-BF4B-00C04F79EFBC}") = "MessengerService", "MessengerService\MessengerService.csproj", "{40D08855-50FB-4972-AD77-2353F00E5445}"
EndProject
Project("{FAE04EC0-301F-11D3-BF4B-00C04F79EFBC}") = "ClientLib", "ClientLib\ClientLib.csproj", "{E1507FBA-E51D-4F2A-A664-6D9613F66FEE}"
EndProject
Project("{FAE04EC0-301F-11D3-BF4B-00C04F79EFBC}") = "ServiceLib", "ServiceLib\ServiceLib.csproj", "{B6C30CAC-60D4-43E2-AE43-61F30580228B}"
EndProject
Global
	GlobalSection(SolutionConfigurationPlatforms) = preSolution
		Debug|Any CPU = Debug|Any CPU
		Release|Any CPU = Release|Any CPU
	EndGlobalSection
	GlobalSection(ProjectConfigurationPlatforms) = postSolution
		{B46A34F8-6E67-4C87-B8A7-1A72CDF3C5A8}.Debug|Any CPU.ActiveCfg = Debug|Any CPU
		{B46A34F8-6E67-4C87-B8A7-1A72CDF3C5A8}.Debug|Any CPU.Build.0 = Debug|Any CPU
		{B46A34F8-6E67-4C87-B8A7-1A72CDF3C5A8}.Release|Any CPU.ActiveCfg = Release|Any CPU
		{B46A34F8-6E67-4C87-B8A7-1A72CDF3C5A8}.Release|Any CPU.Build.0 = Release|Any CPU
		{40D08855-50FB-4972-AD77-2353F00E5445}.Debug|Any CPU.ActiveCfg = Debug|Any CPU
		{40D08855-50FB-4972-AD77-2353F00E5445}.Debug|Any CPU.Build.0 = Debug|Any CPU
		{40D08855-50FB-4972-AD77-2353F00E5445}.Release|Any CPU.ActiveCfg = Release|Any CPU
		{40D08855-50FB-4972-AD77-2353F00E5445}.Release|Any CPU.Build.0 = Release|Any CPU
		{E1507FBA-E51D-4F2A-A664-6D9613F66FEE}.Debug|Any CPU.ActiveCfg = Debug|Any CPU
		{E1507FBA-E51D-4F2A-A664-6D9613F66FEE}.Debug|Any CPU.Build.0 = Debug|Any CPU
		{E1507FBA-E51D-4F2A-A664-6D9613F66FEE}.Release|Any CPU.ActiveCfg = Release|Any CPU
		{E1507FBA-E51D-4F2A-A664-6D9613F66FEE}.Release|Any CPU.Build.0 = Release|Any CPU
		{B6C30CAC-60D4-43E2-AE43-61F30580228B}.Debug|Any CPU.ActiveCfg = Debug|Any CPU
		{B6C30CAC-60D4-43E2-AE43-61F30580228B}.Debug|Any CPU.Build.0 = Debug|Any CPU
		{B6C30CAC-60D4-43E2-AE43-61F30580228B}.Release|Any CPU.ActiveCfg = Release|Any CPU
		{B6C30CAC-60D4-43E2-AE43-61F30580228B}.Release|Any CPU.Build.0 = Release|Any CPU
	EndGlobalSection
	GlobalSection(SolutionProperties) = preSolution
		HideSolutionNode = FALSE
	EndGlobalSection
	GlobalSection(ExtensibilityGlobals) = postSolution
		SolutionGuid = {FF0DFC4F-2D05-4A3B-9CEC-D7F125EF9AA8}
	EndGlobalSection
EndGlobal
